// !$*UTF8*$!
{
	archiveVersion = 1;
	classes = {
	};
	objectVersion = 77;
	objects = {

/* Begin PBXBuildFile section */
		EB0F06242DD4EC69006E833C /* StepTrackingView.swift in Sources */ = {isa = PBXBuildFile; fileRef = EB0F06232DD4EC69006E833C /* StepTrackingView.swift */; };
		EB0F063F2DD4F459006E833C /* ViewModifiers.swift in Sources */ = {isa = PBXBuildFile; fileRef = EB0F063E2DD4F459006E833C /* ViewModifiers.swift */; };
		EB3F45EC2DD4753500BB3D79 /* GetFitModel.xcdatamodeld in Sources */ = {isa = PBXBuildFile; fileRef = EB3F45EA2DD4753500BB3D79 /* GetFitModel.xcdatamodeld */; };
		EBE638DA2DD3E0F000418747 /* DietPlanView.swift in Sources */ = {isa = PBXBuildFile; fileRef = EBE638D32DD3E0F000418747 /* DietPlanView.swift */; };
		EBE638DB2DD3E0F000418747 /* DietPlanViewModel.swift in Sources */ = {isa = PBXBuildFile; fileRef = EBE638D42DD3E0F000418747 /* DietPlanViewModel.swift */; };
		EBE638DC2DD3E0F000418747 /* ProgressViewScreen.swift in Sources */ = {isa = PBXBuildFile; fileRef = EBE638D72DD3E0F000418747 /* ProgressViewScreen.swift */; };
		EBE638DD2DD3E0F000418747 /* NotificationManager.swift in Sources */ = {isa = PBXBuildFile; fileRef = EBE638D62DD3E0F000418747 /* NotificationManager.swift */; };
		EBE638DE2DD3E0F000418747 /* CoreDataStack.swift in Sources */ = {isa = PBXBuildFile; fileRef = EBE638D22DD3E0F000418747 /* CoreDataStack.swift */; };
		EBE638DF2DD3E0F000418747 /* Colors.swift in Sources */ = {isa = PBXBuildFile; fileRef = EBE638D02DD3E0F000418747 /* Colors.swift */; };
		EBE638E12DD3E0F000418747 /* HomeView.swift in Sources */ = {isa = PBXBuildFile; fileRef = EBE638D52DD3E0F000418747 /* HomeView.swift */; };
		EBE638E22DD3E0F000418747 /* ContentView.swift in Sources */ = {isa = PBXBuildFile; fileRef = EBE638D12DD3E0F000418747 /* ContentView.swift */; };
		EBE638E32DD3E0F000418747 /* WorkoutPlanView.swift in Sources */ = {isa = PBXBuildFile; fileRef = EBE638D92DD3E0F000418747 /* WorkoutPlanView.swift */; };
		EBE638E52DD3E37D00418747 /* Models.swift in Sources */ = {isa = PBXBuildFile; fileRef = EBE638E42DD3E37D00418747 /* Models.swift */; };
		EBE638ED2DD3EB3C00418747 /* SettingsView.swift in Sources */ = {isa = PBXBuildFile; fileRef = EBE638EC2DD3EB3C00418747 /* SettingsView.swift */; };
		EBE639062DD3EDB300418747 /* GetFitApp.swift in Sources */ = {isa = PBXBuildFile; fileRef = EBE639052DD3EDB300418747 /* GetFitApp.swift */; };
		EBEAE1D12DD486A4001CEE6A /* GetFit.jpg in Resources */ = {isa = PBXBuildFile; fileRef = EBEAE1CF2DD486A4001CEE6A /* GetFit.jpg */; };
/* End PBXBuildFile section */

/* Begin PBXContainerItemProxy section */
		EBE638B32DD3E0BA00418747 /* PBXContainerItemProxy */ = {
			isa = PBXContainerItemProxy;
			containerPortal = EBE638942DD3E0B700418747 /* Project object */;
			proxyType = 1;
			remoteGlobalIDString = EBE6389B2DD3E0B700418747;
			remoteInfo = GetFit;
		};
		EBE638BD2DD3E0BA00418747 /* PBXContainerItemProxy */ = {
			isa = PBXContainerItemProxy;
			containerPortal = EBE638942DD3E0B700418747 /* Project object */;
			proxyType = 1;
			remoteGlobalIDString = EBE6389B2DD3E0B700418747;
			remoteInfo = GetFit;
		};
/* End PBXContainerItemProxy section */

/* Begin PBXFileReference section */
		EB0F06232DD4EC69006E833C /* StepTrackingView.swift */ = {isa = PBXFileReference; lastKnownFileType = sourcecode.swift; path = StepTrackingView.swift; sourceTree = "<group>"; };
		EB0F063E2DD4F459006E833C /* ViewModifiers.swift */ = {isa = PBXFileReference; lastKnownFileType = sourcecode.swift; path = ViewModifiers.swift; sourceTree = "<group>"; };
		EB3F45EB2DD4753500BB3D79 /* GetFitModel.xcdatamodel */ = {isa = PBXFileReference; lastKnownFileType = wrapper.xcdatamodel; path = GetFitModel.xcdatamodel; sourceTree = "<group>"; };
		EBE6389C2DD3E0B700418747 /* GetFit.app */ = {isa = PBXFileReference; explicitFileType = wrapper.application; includeInIndex = 0; path = GetFit.app; sourceTree = BUILT_PRODUCTS_DIR; };
		EBE638B22DD3E0BA00418747 /* GetFitTests.xctest */ = {isa = PBXFileReference; explicitFileType = wrapper.cfbundle; includeInIndex = 0; path = GetFitTests.xctest; sourceTree = BUILT_PRODUCTS_DIR; };
		EBE638BC2DD3E0BA00418747 /* GetFitUITests.xctest */ = {isa = PBXFileReference; explicitFileType = wrapper.cfbundle; includeInIndex = 0; path = GetFitUITests.xctest; sourceTree = BUILT_PRODUCTS_DIR; };
		EBE638D02DD3E0F000418747 /* Colors.swift */ = {isa = PBXFileReference; lastKnownFileType = sourcecode.swift; path = Colors.swift; sourceTree = "<group>"; };
		EBE638D12DD3E0F000418747 /* ContentView.swift */ = {isa = PBXFileReference; lastKnownFileType = sourcecode.swift; path = ContentView.swift; sourceTree = "<group>"; };
		EBE638D22DD3E0F000418747 /* CoreDataStack.swift */ = {isa = PBXFileReference; lastKnownFileType = sourcecode.swift; path = CoreDataStack.swift; sourceTree = "<group>"; };
		EBE638D32DD3E0F000418747 /* DietPlanView.swift */ = {isa = PBXFileReference; lastKnownFileType = sourcecode.swift; path = DietPlanView.swift; sourceTree = "<group>"; };
		EBE638D42DD3E0F000418747 /* DietPlanViewModel.swift */ = {isa = PBXFileReference; lastKnownFileType = sourcecode.swift; path = DietPlanViewModel.swift; sourceTree = "<group>"; };
		EBE638D52DD3E0F000418747 /* HomeView.swift */ = {isa = PBXFileReference; lastKnownFileType = sourcecode.swift; path = HomeView.swift; sourceTree = "<group>"; };
		EBE638D62DD3E0F000418747 /* NotificationManager.swift */ = {isa = PBXFileReference; lastKnownFileType = sourcecode.swift; path = NotificationManager.swift; sourceTree = "<group>"; };
		EBE638D72DD3E0F000418747 /* ProgressViewScreen.swift */ = {isa = PBXFileReference; lastKnownFileType = sourcecode.swift; path = ProgressViewScreen.swift; sourceTree = "<group>"; };
		EBE638D92DD3E0F000418747 /* WorkoutPlanView.swift */ = {isa = PBXFileReference; lastKnownFileType = sourcecode.swift; path = WorkoutPlanView.swift; sourceTree = "<group>"; };
		EBE638E42DD3E37D00418747 /* Models.swift */ = {isa = PBXFileReference; lastKnownFileType = sourcecode.swift; path = Models.swift; sourceTree = "<group>"; };
		EBE638E62DD3EB1400418747 /* GetFit.xcodeproj */ = {isa = PBXFileReference; lastKnownFileType = "wrapper.pb-project"; path = GetFit.xcodeproj; sourceTree = "<group>"; };
		EBE638EC2DD3EB3C00418747 /* SettingsView.swift */ = {isa = PBXFileReference; lastKnownFileType = sourcecode.swift; path = SettingsView.swift; sourceTree = "<group>"; };
		EBE639052DD3EDB300418747 /* GetFitApp.swift */ = {isa = PBXFileReference; lastKnownFileType = sourcecode.swift; path = GetFitApp.swift; sourceTree = "<group>"; };
		EBEAE1CF2DD486A4001CEE6A /* GetFit.jpg */ = {isa = PBXFileReference; lastKnownFileType = image.jpeg; path = GetFit.jpg; sourceTree = "<group>"; };
/* End PBXFileReference section */

/* Begin PBXFileSystemSynchronizedBuildFileExceptionSet section */
		EBE638FF2DD3EB8100418747 /* Exceptions for "GetFit" folder in "GetFit" target */ = {
			isa = PBXFileSystemSynchronizedBuildFileExceptionSet;
			membershipExceptions = (
				Info.plist,
			);
			target = EBE6389B2DD3E0B700418747 /* GetFit */;
		};
/* End PBXFileSystemSynchronizedBuildFileExceptionSet section */

/* Begin PBXFileSystemSynchronizedRootGroup section */
		EBE6389E2DD3E0B700418747 /* GetFit */ = {
			isa = PBXFileSystemSynchronizedRootGroup;
			exceptions = (
				EBE638FF2DD3EB8100418747 /* Exceptions for "GetFit" folder in "GetFit" target */,
			);
			path = GetFit;
			sourceTree = "<group>";
		};
		EBE638B52DD3E0BA00418747 /* GetFitTests */ = {
			isa = PBXFileSystemSynchronizedRootGroup;
			path = GetFitTests;
			sourceTree = "<group>";
		};
		EBE638BF2DD3E0BA00418747 /* GetFitUITests */ = {
			isa = PBXFileSystemSynchronizedRootGroup;
			path = GetFitUITests;
			sourceTree = "<group>";
		};
/* End PBXFileSystemSynchronizedRootGroup section */

/* Begin PBXFrameworksBuildPhase section */
		EBE638992DD3E0B700418747 /* Frameworks */ = {
			isa = PBXFrameworksBuildPhase;
			buildActionMask = 2147483647;
			files = (
			);
			runOnlyForDeploymentPostprocessing = 0;
		};
		EBE638AF2DD3E0BA00418747 /* Frameworks */ = {
			isa = PBXFrameworksBuildPhase;
			buildActionMask = 2147483647;
			files = (
			);
			runOnlyForDeploymentPostprocessing = 0;
		};
		EBE638B92DD3E0BA00418747 /* Frameworks */ = {
			isa = PBXFrameworksBuildPhase;
			buildActionMask = 2147483647;
			files = (
			);
			runOnlyForDeploymentPostprocessing = 0;
		};
/* End PBXFrameworksBuildPhase section */

/* Begin PBXGroup section */
		EBE638932DD3E0B700418747 = {
			isa = PBXGroup;
			children = (
				EB0F063E2DD4F459006E833C /* ViewModifiers.swift */,
				EB0F06232DD4EC69006E833C /* StepTrackingView.swift */,
				EBEAE1CF2DD486A4001CEE6A /* GetFit.jpg */,
				EBE639052DD3EDB300418747 /* GetFitApp.swift */,
				EBE638EC2DD3EB3C00418747 /* SettingsView.swift */,
				EBE638E62DD3EB1400418747 /* GetFit.xcodeproj */,
				EBE638E42DD3E37D00418747 /* Models.swift */,
				EBE638D02DD3E0F000418747 /* Colors.swift */,
				EBE638D12DD3E0F000418747 /* ContentView.swift */,
				EBE638D22DD3E0F000418747 /* CoreDataStack.swift */,
				EBE638D32DD3E0F000418747 /* DietPlanView.swift */,
				EB3F45EA2DD4753500BB3D79 /* GetFitModel.xcdatamodeld */,
				EBE638D42DD3E0F000418747 /* DietPlanViewModel.swift */,
				EBE638D52DD3E0F000418747 /* HomeView.swift */,
				EBE638D62DD3E0F000418747 /* NotificationManager.swift */,
				EBE638D72DD3E0F000418747 /* ProgressViewScreen.swift */,
				EBE638D92DD3E0F000418747 /* WorkoutPlanView.swift */,
				EBE6389E2DD3E0B700418747 /* GetFit */,
				EBE638B52DD3E0BA00418747 /* GetFitTests */,
				EBE638BF2DD3E0BA00418747 /* GetFitUITests */,
				EBE6389D2DD3E0B700418747 /* Products */,
			);
			sourceTree = "<group>";
		};
		EBE6389D2DD3E0B700418747 /* Products */ = {
			isa = PBXGroup;
			children = (
				EBE6389C2DD3E0B700418747 /* GetFit.app */,
				EBE638B22DD3E0BA00418747 /* GetFitTests.xctest */,
				EBE638BC2DD3E0BA00418747 /* GetFitUITests.xctest */,
			);
			name = Products;
			sourceTree = "<group>";
		};
		EBE638E82DD3EB1400418747 /* Products */ = {
			isa = PBXGroup;
			name = Products;
			sourceTree = "<group>";
		};
/* End PBXGroup section */

/* Begin PBXNativeTarget section */
		EBE6389B2DD3E0B700418747 /* GetFit */ = {
			isa = PBXNativeTarget;
			buildConfigurationList = EBE638C52DD3E0BA00418747 /* Build configuration list for PBXNativeTarget "GetFit" */;
			buildPhases = (
				EBE638982DD3E0B700418747 /* Sources */,
				EBE638992DD3E0B700418747 /* Frameworks */,
				EBE6389A2DD3E0B700418747 /* Resources */,
			);
			buildRules = (
			);
			dependencies = (
			);
			fileSystemSynchronizedGroups = (
				EBE6389E2DD3E0B700418747 /* GetFit */,
			);
			name = GetFit;
			packageProductDependencies = (
			);
			productName = GetFit;
			productReference = EBE6389C2DD3E0B700418747 /* GetFit.app */;
			productType = "com.apple.product-type.application";
		};
		EBE638B12DD3E0BA00418747 /* GetFitTests */ = {
			isa = PBXNativeTarget;
			buildConfigurationList = EBE638CA2DD3E0BA00418747 /* Build configuration list for PBXNativeTarget "GetFitTests" */;
			buildPhases = (
				EBE638AE2DD3E0BA00418747 /* Sources */,
				EBE638AF2DD3E0BA00418747 /* Frameworks */,
				EBE638B02DD3E0BA00418747 /* Resources */,
			);
			buildRules = (
			);
			dependencies = (
				EBE638B42DD3E0BA00418747 /* PBXTargetDependency */,
			);
			fileSystemSynchronizedGroups = (
				EBE638B52DD3E0BA00418747 /* GetFitTests */,
			);
			name = GetFitTests;
			packageProductDependencies = (
			);
			productName = GetFitTests;
			productReference = EBE638B22DD3E0BA00418747 /* GetFitTests.xctest */;
			productType = "com.apple.product-type.bundle.unit-test";
		};
		EBE638BB2DD3E0BA00418747 /* GetFitUITests */ = {
			isa = PBXNativeTarget;
			buildConfigurationList = EBE638CD2DD3E0BA00418747 /* Build configuration list for PBXNativeTarget "GetFitUITests" */;
			buildPhases = (
				EBE638B82DD3E0BA00418747 /* Sources */,
				EBE638B92DD3E0BA00418747 /* Frameworks */,
				EBE638BA2DD3E0BA00418747 /* Resources */,
			);
			buildRules = (
			);
			dependencies = (
				EBE638BE2DD3E0BA00418747 /* PBXTargetDependency */,
			);
			fileSystemSynchronizedGroups = (
				EBE638BF2DD3E0BA00418747 /* GetFitUITests */,
			);
			name = GetFitUITests;
			packageProductDependencies = (
			);
			productName = GetFitUITests;
			productReference = EBE638BC2DD3E0BA00418747 /* GetFitUITests.xctest */;
			productType = "com.apple.product-type.bundle.ui-testing";
		};
/* End PBXNativeTarget section */

/* Begin PBXProject section */
		EBE638942DD3E0B700418747 /* Project object */ = {
			isa = PBXProject;
			attributes = {
				BuildIndependentTargetsInParallel = 1;
				LastSwiftUpdateCheck = 1630;
				LastUpgradeCheck = 1630;
				TargetAttributes = {
					EBE6389B2DD3E0B700418747 = {
						CreatedOnToolsVersion = 16.3;
					};
					EBE638B12DD3E0BA00418747 = {
						CreatedOnToolsVersion = 16.3;
						TestTargetID = EBE6389B2DD3E0B700418747;
					};
					EBE638BB2DD3E0BA00418747 = {
						CreatedOnToolsVersion = 16.3;
						TestTargetID = EBE6389B2DD3E0B700418747;
					};
				};
			};
			buildConfigurationList = EBE638972DD3E0B700418747 /* Build configuration list for PBXProject "GetFit" */;
			developmentRegion = en;
			hasScannedForEncodings = 0;
			knownRegions = (
				en,
				Base,
				"Base 2",
				"base 2",
			);
			mainGroup = EBE638932DD3E0B700418747;
			minimizedProjectReferenceProxies = 1;
			preferredProjectObjectVersion = 77;
			productRefGroup = EBE6389D2DD3E0B700418747 /* Products */;
			projectDirPath = "";
			projectReferences = (
				{
					ProductGroup = EBE638E82DD3EB1400418747 /* Products */;
					ProjectRef = EBE638E62DD3EB1400418747 /* GetFit.xcodeproj */;
				},
			);
			projectRoot = "";
			targets = (
				EBE6389B2DD3E0B700418747 /* GetFit */,
				EBE638B12DD3E0BA00418747 /* GetFitTests */,
				EBE638BB2DD3E0BA00418747 /* GetFitUITests */,
			);
		};
/* End PBXProject section */

/* Begin PBXResourcesBuildPhase section */
		EBE6389A2DD3E0B700418747 /* Resources */ = {
			isa = PBXResourcesBuildPhase;
			buildActionMask = 2147483647;
			files = (
				EBEAE1D12DD486A4001CEE6A /* GetFit.jpg in Resources */,
			);
			runOnlyForDeploymentPostprocessing = 0;
		};
		EBE638B02DD3E0BA00418747 /* Resources */ = {
			isa = PBXResourcesBuildPhase;
			buildActionMask = 2147483647;
			files = (
			);
			runOnlyForDeploymentPostprocessing = 0;
		};
		EBE638BA2DD3E0BA00418747 /* Resources */ = {
			isa = PBXResourcesBuildPhase;
			buildActionMask = 2147483647;
			files = (
			);
			runOnlyForDeploymentPostprocessing = 0;
		};
/* End PBXResourcesBuildPhase section */

/* Begin PBXSourcesBuildPhase section */
		EBE638982DD3E0B700418747 /* Sources */ = {
			isa = PBXSourcesBuildPhase;
			buildActionMask = 2147483647;
			files = (
				EBE638ED2DD3EB3C00418747 /* SettingsView.swift in Sources */,
				EBE638DA2DD3E0F000418747 /* DietPlanView.swift in Sources */,
				EBE638DB2DD3E0F000418747 /* DietPlanViewModel.swift in Sources */,
				EB0F063F2DD4F459006E833C /* ViewModifiers.swift in Sources */,
				EBE638DC2DD3E0F000418747 /* ProgressViewScreen.swift in Sources */,
				EB3F45EC2DD4753500BB3D79 /* GetFitModel.xcdatamodeld in Sources */,
				EB0F06242DD4EC69006E833C /* StepTrackingView.swift in Sources */,
				EBE638DD2DD3E0F000418747 /* NotificationManager.swift in Sources */,
				EBE638DE2DD3E0F000418747 /* CoreDataStack.swift in Sources */,
				EBE638DF2DD3E0F000418747 /* Colors.swift in Sources */,
				EBE638E12DD3E0F000418747 /* HomeView.swift in Sources */,
				EBE638E22DD3E0F000418747 /* ContentView.swift in Sources */,
				EBE638E32DD3E0F000418747 /* WorkoutPlanView.swift in Sources */,
				EBE639062DD3EDB300418747 /* GetFitApp.swift in Sources */,
				EBE638E52DD3E37D00418747 /* Models.swift in Sources */,
			);
			runOnlyForDeploymentPostprocessing = 0;
		};
		EBE638AE2DD3E0BA00418747 /* Sources */ = {
			isa = PBXSourcesBuildPhase;
			buildActionMask = 2147483647;
			files = (
			);
			runOnlyForDeploymentPostprocessing = 0;
		};
		EBE638B82DD3E0BA00418747 /* Sources */ = {
			isa = PBXSourcesBuildPhase;
			buildActionMask = 2147483647;
			files = (
			);
			runOnlyForDeploymentPostprocessing = 0;
		};
/* End PBXSourcesBuildPhase section */

/* Begin PBXTargetDependency section */
		EBE638B42DD3E0BA00418747 /* PBXTargetDependency */ = {
			isa = PBXTargetDependency;
			target = EBE6389B2DD3E0B700418747 /* GetFit */;
			targetProxy = EBE638B32DD3E0BA00418747 /* PBXContainerItemProxy */;
		};
		EBE638BE2DD3E0BA00418747 /* PBXTargetDependency */ = {
			isa = PBXTargetDependency;
			target = EBE6389B2DD3E0B700418747 /* GetFit */;
			targetProxy = EBE638BD2DD3E0BA00418747 /* PBXContainerItemProxy */;
		};
/* End PBXTargetDependency section */

/* Begin XCBuildConfiguration section */
		EBE638C62DD3E0BA00418747 /* Debug */ = {
			isa = XCBuildConfiguration;
			buildSettings = {
				ASSETCATALOG_COMPILER_APPICON_NAME = AppIcon;
				ASSETCATALOG_COMPILER_GLOBAL_ACCENT_COLOR_NAME = AccentColor;
				CODE_SIGN_STYLE = Automatic;
				CURRENT_PROJECT_VERSION = 1;
				DEVELOPMENT_TEAM = PLVWMP3X43;
				GENERATE_INFOPLIST_FILE = YES;
				INFOPLIST_FILE = GetFit/Info.plist;
				INFOPLIST_KEY_NSHealthClinicalHealthRecordsShareUsageDescription = "Allow health track from iPhone";
				INFOPLIST_KEY_UIApplicationSupportsIndirectInputEvents = YES;
				INFOPLIST_KEY_UILaunchStoryboardName = LaunchScreen;
				INFOPLIST_KEY_UISupportedInterfaceOrientations_iPad = "UIInterfaceOrientationPortrait UIInterfaceOrientationPortraitUpsideDown UIInterfaceOrientationLandscapeLeft UIInterfaceOrientationLandscapeRight";
				INFOPLIST_KEY_UISupportedInterfaceOrientations_iPhone = "UIInterfaceOrientationPortrait UIInterfaceOrientationLandscapeLeft UIInterfaceOrientationLandscapeRight";
				LD_RUNPATH_SEARCH_PATHS = (
					"$(inherited)",
					"@executable_path/Frameworks",
				);
				MARKETING_VERSION = 1.0;
				PRODUCT_BUNDLE_IDENTIFIER = com.suryansh.GetFit;
				PRODUCT_NAME = "$(TARGET_NAME)";
				SWIFT_EMIT_LOC_STRINGS = YES;
				SWIFT_VERSION = 5.0;
				TARGETED_DEVICE_FAMILY = "1,2";
			};
			name = Debug;
		};
		EBE638C72DD3E0BA00418747 /* Release */ = {
			isa = XCBuildConfiguration;
			buildSettings = {
				ASSETCATALOG_COMPILER_APPICON_NAME = AppIcon;
				ASSETCATALOG_COMPILER_GLOBAL_ACCENT_COLOR_NAME = AccentColor;
				CODE_SIGN_STYLE = Automatic;
				CURRENT_PROJECT_VERSION = 1;
				DEVELOPMENT_TEAM = PLVWMP3X43;
				GENERATE_INFOPLIST_FILE = YES;
				INFOPLIST_FILE = GetFit/Info.plist;
				INFOPLIST_KEY_NSHealthClinicalHealthRecordsShareUsageDescription = "Allow health track from iPhone";
				INFOPLIST_KEY_UIApplicationSupportsIndirectInputEvents = YES;
				INFOPLIST_KEY_UILaunchStoryboardName = LaunchScreen;
				INFOPLIST_KEY_UISupportedInterfaceOrientations_iPad = "UIInterfaceOrientationPortrait UIInterfaceOrientationPortraitUpsideDown UIInterfaceOrientationLandscapeLeft UIInterfaceOrientationLandscapeRight";
				INFOPLIST_KEY_UISupportedInterfaceOrientations_iPhone = "UIInterfaceOrientationPortrait UIInterfaceOrientationLandscapeLeft UIInterfaceOrientationLandscapeRight";
				LD_RUNPATH_SEARCH_PATHS = (
					"$(inherited)",
					"@executable_path/Frameworks",
				);
				MARKETING_VERSION = 1.0;
				PRODUCT_BUNDLE_IDENTIFIER = com.suryansh.GetFit;
				PRODUCT_NAME = "$(TARGET_NAME)";
				SWIFT_EMIT_LOC_STRINGS = YES;
				SWIFT_VERSION = 5.0;
				TARGETED_DEVICE_FAMILY = "1,2";
			};
			name = Release;
		};
		EBE638C82DD3E0BA00418747 /* Debug */ = {
			isa = XCBuildConfiguration;
			buildSettings = {
				ALWAYS_SEARCH_USER_PATHS = NO;
				ASSETCATALOG_COMPILER_GENERATE_SWIFT_ASSET_SYMBOL_EXTENSIONS = YES;
				CLANG_ANALYZER_NONNULL = YES;
				CLANG_ANALYZER_NUMBER_OBJECT_CONVERSION = YES_AGGRESSIVE;
				CLANG_CXX_LANGUAGE_STANDARD = "gnu++20";
				CLANG_ENABLE_MODULES = YES;
				CLANG_ENABLE_OBJC_ARC = YES;
				CLANG_ENABLE_OBJC_WEAK = YES;
				CLANG_WARN_BLOCK_CAPTURE_AUTORELEASING = YES;
				CLANG_WARN_BOOL_CONVERSION = YES;
				CLANG_WARN_COMMA = YES;
				CLANG_WARN_CONSTANT_CONVERSION = YES;
				CLANG_WARN_DEPRECATED_OBJC_IMPLEMENTATIONS = YES;
				CLANG_WARN_DIRECT_OBJC_ISA_USAGE = YES_ERROR;
				CLANG_WARN_DOCUMENTATION_COMMENTS = YES;
				CLANG_WARN_EMPTY_BODY = YES;
				CLANG_WARN_ENUM_CONVERSION = YES;
				CLANG_WARN_INFINITE_RECURSION = YES;
				CLANG_WARN_INT_CONVERSION = YES;
				CLANG_WARN_NON_LITERAL_NULL_CONVERSION = YES;
				CLANG_WARN_OBJC_IMPLICIT_RETAIN_SELF = YES;
				CLANG_WARN_OBJC_LITERAL_CONVERSION = YES;
				CLANG_WARN_OBJC_ROOT_CLASS = YES_ERROR;
				CLANG_WARN_QUOTED_INCLUDE_IN_FRAMEWORK_HEADER = YES;
				CLANG_WARN_RANGE_LOOP_ANALYSIS = YES;
				CLANG_WARN_STRICT_PROTOTYPES = YES;
				CLANG_WARN_SUSPICIOUS_MOVE = YES;
				CLANG_WARN_UNGUARDED_AVAILABILITY = YES_AGGRESSIVE;
				CLANG_WARN_UNREACHABLE_CODE = YES;
				CLANG_WARN__DUPLICATE_METHOD_MATCH = YES;
				COPY_PHASE_STRIP = NO;
				DEBUG_INFORMATION_FORMAT = dwarf;
				DEVELOPMENT_TEAM = PLVWMP3X43;
				ENABLE_STRICT_OBJC_MSGSEND = YES;
				ENABLE_TESTABILITY = YES;
				ENABLE_USER_SCRIPT_SANDBOXING = YES;
				GCC_C_LANGUAGE_STANDARD = gnu17;
				GCC_DYNAMIC_NO_PIC = NO;
				GCC_NO_COMMON_BLOCKS = YES;
				GCC_OPTIMIZATION_LEVEL = 0;
				GCC_PREPROCESSOR_DEFINITIONS = (
					"DEBUG=1",
					"$(inherited)",
				);
				GCC_WARN_64_TO_32_BIT_CONVERSION = YES;
				GCC_WARN_ABOUT_RETURN_TYPE = YES_ERROR;
				GCC_WARN_UNDECLARED_SELECTOR = YES;
				GCC_WARN_UNINITIALIZED_AUTOS = YES_AGGRESSIVE;
				GCC_WARN_UNUSED_FUNCTION = YES;
				GCC_WARN_UNUSED_VARIABLE = YES;
				IPHONEOS_DEPLOYMENT_TARGET = 18.4;
				LOCALIZATION_PREFERS_STRING_CATALOGS = YES;
				MTL_ENABLE_DEBUG_INFO = INCLUDE_SOURCE;
				MTL_FAST_MATH = YES;
				ONLY_ACTIVE_ARCH = YES;
				SDKROOT = iphoneos;
				SWIFT_ACTIVE_COMPILATION_CONDITIONS = "DEBUG $(inherited)";
				SWIFT_OPTIMIZATION_LEVEL = "-Onone";
			};
			name = Debug;
		};
		EBE638C92DD3E0BA00418747 /* Release */ = {
			isa = XCBuildConfiguration;
			buildSettings = {
				ALWAYS_SEARCH_USER_PATHS = NO;
				ASSETCATALOG_COMPILER_GENERATE_SWIFT_ASSET_SYMBOL_EXTENSIONS = YES;
				CLANG_ANALYZER_NONNULL = YES;
				CLANG_ANALYZER_NUMBER_OBJECT_CONVERSION = YES_AGGRESSIVE;
				CLANG_CXX_LANGUAGE_STANDARD = "gnu++20";
				CLANG_ENABLE_MODULES = YES;
				CLANG_ENABLE_OBJC_ARC = YES;
				CLANG_ENABLE_OBJC_WEAK = YES;
				CLANG_WARN_BLOCK_CAPTURE_AUTORELEASING = YES;
				CLANG_WARN_BOOL_CONVERSION = YES;
				CLANG_WARN_COMMA = YES;
				CLANG_WARN_CONSTANT_CONVERSION = YES;
				CLANG_WARN_DEPRECATED_OBJC_IMPLEMENTATIONS = YES;
				CLANG_WARN_DIRECT_OBJC_ISA_USAGE = YES_ERROR;
				CLANG_WARN_DOCUMENTATION_COMMENTS = YES;
				CLANG_WARN_EMPTY_BODY = YES;
				CLANG_WARN_ENUM_CONVERSION = YES;
				CLANG_WARN_INFINITE_RECURSION = YES;
				CLANG_WARN_INT_CONVERSION = YES;
				CLANG_WARN_NON_LITERAL_NULL_CONVERSION = YES;
				CLANG_WARN_OBJC_IMPLICIT_RETAIN_SELF = YES;
				CLANG_WARN_OBJC_LITERAL_CONVERSION = YES;
				CLANG_WARN_OBJC_ROOT_CLASS = YES_ERROR;
				CLANG_WARN_QUOTED_INCLUDE_IN_FRAMEWORK_HEADER = YES;
				CLANG_WARN_RANGE_LOOP_ANALYSIS = YES;
				CLANG_WARN_STRICT_PROTOTYPES = YES;
				CLANG_WARN_SUSPICIOUS_MOVE = YES;
				CLANG_WARN_UNGUARDED_AVAILABILITY = YES_AGGRESSIVE;
				CLANG_WARN_UNREACHABLE_CODE = YES;
				CLANG_WARN__DUPLICATE_METHOD_MATCH = YES;
				COPY_PHASE_STRIP = NO;
				DEBUG_INFORMATION_FORMAT = "dwarf-with-dsym";
				DEVELOPMENT_TEAM = PLVWMP3X43;
				ENABLE_NS_ASSERTIONS = NO;
				ENABLE_STRICT_OBJC_MSGSEND = YES;
				ENABLE_USER_SCRIPT_SANDBOXING = YES;
				GCC_C_LANGUAGE_STANDARD = gnu17;
				GCC_NO_COMMON_BLOCKS = YES;
				GCC_WARN_64_TO_32_BIT_CONVERSION = YES;
				GCC_WARN_ABOUT_RETURN_TYPE = YES_ERROR;
				GCC_WARN_UNDECLARED_SELECTOR = YES;
				GCC_WARN_UNINITIALIZED_AUTOS = YES_AGGRESSIVE;
				GCC_WARN_UNUSED_FUNCTION = YES;
				GCC_WARN_UNUSED_VARIABLE = YES;
				IPHONEOS_DEPLOYMENT_TARGET = 18.4;
				LOCALIZATION_PREFERS_STRING_CATALOGS = YES;
				MTL_ENABLE_DEBUG_INFO = NO;
				MTL_FAST_MATH = YES;
				SDKROOT = iphoneos;
				SWIFT_COMPILATION_MODE = wholemodule;
				VALIDATE_PRODUCT = YES;
			};
			name = Release;
		};
		EBE638CB2DD3E0BA00418747 /* Debug */ = {
			isa = XCBuildConfiguration;
			buildSettings = {
				BUNDLE_LOADER = "$(TEST_HOST)";
				CODE_SIGN_STYLE = Automatic;
				CURRENT_PROJECT_VERSION = 1;
				DEVELOPMENT_TEAM = PLVWMP3X43;
				GENERATE_INFOPLIST_FILE = YES;
				IPHONEOS_DEPLOYMENT_TARGET = 18.4;
				MARKETING_VERSION = 1.0;
				PRODUCT_BUNDLE_IDENTIFIER = com.suryansh.GetFitTests;
				PRODUCT_NAME = "$(TARGET_NAME)";
				SWIFT_EMIT_LOC_STRINGS = NO;
				SWIFT_VERSION = 5.0;
				TARGETED_DEVICE_FAMILY = "1,2";
				TEST_HOST = "$(BUILT_PRODUCTS_DIR)/GetFit.app/$(BUNDLE_EXECUTABLE_FOLDER_PATH)/GetFit";
			};
			name = Debug;
		};
		EBE638CC2DD3E0BA00418747 /* Release */ = {
			isa = XCBuildConfiguration;
			buildSettings = {
				BUNDLE_LOADER = "$(TEST_HOST)";
				CODE_SIGN_STYLE = Automatic;
				CURRENT_PROJECT_VERSION = 1;
				DEVELOPMENT_TEAM = PLVWMP3X43;
				GENERATE_INFOPLIST_FILE = YES;
				IPHONEOS_DEPLOYMENT_TARGET = 18.4;
				MARKETING_VERSION = 1.0;
				PRODUCT_BUNDLE_IDENTIFIER = com.suryansh.GetFitTests;
				PRODUCT_NAME = "$(TARGET_NAME)";
				SWIFT_EMIT_LOC_STRINGS = NO;
				SWIFT_VERSION = 5.0;
				TARGETED_DEVICE_FAMILY = "1,2";
				TEST_HOST = "$(BUILT_PRODUCTS_DIR)/GetFit.app/$(BUNDLE_EXECUTABLE_FOLDER_PATH)/GetFit";
			};
			name = Release;
		};
		EBE638CE2DD3E0BA00418747 /* Debug */ = {
			isa = XCBuildConfiguration;
			buildSettings = {
				CODE_SIGN_STYLE = Automatic;
				CURRENT_PROJECT_VERSION = 1;
				DEVELOPMENT_TEAM = PLVWMP3X43;
				GENERATE_INFOPLIST_FILE = YES;
				MARKETING_VERSION = 1.0;
				PRODUCT_BUNDLE_IDENTIFIER = com.suryansh.GetFitUITests;
				PRODUCT_NAME = "$(TARGET_NAME)";
				SWIFT_EMIT_LOC_STRINGS = NO;
				SWIFT_VERSION = 5.0;
				TARGETED_DEVICE_FAMILY = "1,2";
				TEST_TARGET_NAME = GetFit;
			};
			name = Debug;
		};
		EBE638CF2DD3E0BA00418747 /* Release */ = {
			isa = XCBuildConfiguration;
			buildSettings = {
				CODE_SIGN_STYLE = Automatic;
				CURRENT_PROJECT_VERSION = 1;
				DEVELOPMENT_TEAM = PLVWMP3X43;
				GENERATE_INFOPLIST_FILE = YES;
				MARKETING_VERSION = 1.0;
				PRODUCT_BUNDLE_IDENTIFIER = com.suryansh.GetFitUITests;
				PRODUCT_NAME = "$(TARGET_NAME)";
				SWIFT_EMIT_LOC_STRINGS = NO;
				SWIFT_VERSION = 5.0;
				TARGETED_DEVICE_FAMILY = "1,2";
				TEST_TARGET_NAME = GetFit;
			};
			name = Release;
		};
/* End XCBuildConfiguration section */

/* Begin XCConfigurationList section */
		EBE638972DD3E0B700418747 /* Build configuration list for PBXProject "GetFit" */ = {
			isa = XCConfigurationList;
			buildConfigurations = (
				EBE638C82DD3E0BA00418747 /* Debug */,
				EBE638C92DD3E0BA00418747 /* Release */,
			);
			defaultConfigurationIsVisible = 0;
			defaultConfigurationName = Release;
		};
		EBE638C52DD3E0BA00418747 /* Build configuration list for PBXNativeTarget "GetFit" */ = {
			isa = XCConfigurationList;
			buildConfigurations = (
				EBE638C62DD3E0BA00418747 /* Debug */,
				EBE638C72DD3E0BA00418747 /* Release */,
			);
			defaultConfigurationIsVisible = 0;
			defaultConfigurationName = Release;
		};
		EBE638CA2DD3E0BA00418747 /* Build configuration list for PBXNativeTarget "GetFitTests" */ = {
			isa = XCConfigurationList;
			buildConfigurations = (
				EBE638CB2DD3E0BA00418747 /* Debug */,
				EBE638CC2DD3E0BA00418747 /* Release */,
			);
			defaultConfigurationIsVisible = 0;
			defaultConfigurationName = Release;
		};
		EBE638CD2DD3E0BA00418747 /* Build configuration list for PBXNativeTarget "GetFitUITests" */ = {
			isa = XCConfigurationList;
			buildConfigurations = (
				EBE638CE2DD3E0BA00418747 /* Debug */,
				EBE638CF2DD3E0BA00418747 /* Release */,
			);
			defaultConfigurationIsVisible = 0;
			defaultConfigurationName = Release;
		};
/* End XCConfigurationList section */

/* Begin XCVersionGroup section */
		EB3F45EA2DD4753500BB3D79 /* GetFitModel.xcdatamodeld */ = {
			isa = XCVersionGroup;
			children = (
				EB3F45EB2DD4753500BB3D79 /* GetFitModel.xcdatamodel */,
			);
			currentVersion = EB3F45EB2DD4753500BB3D79 /* GetFitModel.xcdatamodel */;
			path = GetFitModel.xcdatamodeld;
			sourceTree = "<group>";
			versionGroupType = wrapper.xcdatamodel;
		};
/* End XCVersionGroup section */
	};
	rootObject = EBE638942DD3E0B700418747 /* Project object */;
}
